{
  "name": "my-app-authserver",
  "version": "1.0.0",
  "lockfileVersion": 3,
  "requires": true,
  "packages": {
    "": {
      "name": "my-app-authserver",
      "version": "1.0.0",
      "dependencies": {
        "@abp/aspnetcore.mvc.ui.theme.basic": "~8.3.0"
      }
    },
    "node_modules/@abp/aspnetcore.mvc.ui": {
      "version": "8.3.0",
      "resolved": "https://registry.npmmirror.com/@abp/aspnetcore.mvc.ui/-/aspnetcore.mvc.ui-8.3.0.tgz",
      "integrity": "sha512-OxgZhLKiXGFYYpNJ5O/IbhinsniiBPv9586e+1Soar0GckCMIIegJxnJb1Bo1O75blrcK2cIU6LqjRT1FXt2Lw==",
      "dependencies": {
        "ansi-colors": "^4.1.3"
      }
    },
    "node_modules/@abp/aspnetcore.mvc.ui.theme.basic": {
      "version": "8.3.0",
      "resolved": "https://registry.npmmirror.com/@abp/aspnetcore.mvc.ui.theme.basic/-/aspnetcore.mvc.ui.theme.basic-8.3.0.tgz",
      "integrity": "sha512-T2dg7WlvNSrwTCfy5wk4gqiJ/15kIjMGM4wLXIJcMYn60yGY/YeX6Q4A3R/qJzfl4JdgW5rt3GpdKv86y/ADXg==",
      "dependencies": {
        "@abp/aspnetcore.mvc.ui.theme.shared": "~8.3.0"
      }
    },
    "node_modules/@abp/aspnetcore.mvc.ui.theme.shared": {
      "version": "8.3.0",
      "resolved": "https://registry.npmmirror.com/@abp/aspnetcore.mvc.ui.theme.shared/-/aspnetcore.mvc.ui.theme.shared-8.3.0.tgz",
      "integrity": "sha512-o/0eh8jLS+YJiseTKzzioUz0vNnMFzyoz+mkyA4PlO1gqw2JFhzPhTBZ3cuyV9QlxUfEA8dWAkqAUX6vqiHwkw==",
      "dependencies": {
        "@abp/aspnetcore.mvc.ui": "~8.3.0",
        "@abp/bootstrap": "~8.3.0",
        "@abp/bootstrap-datepicker": "~8.3.0",
        "@abp/bootstrap-daterangepicker": "~8.3.0",
        "@abp/datatables.net-bs5": "~8.3.0",
        "@abp/font-awesome": "~8.3.0",
        "@abp/jquery-form": "~8.3.0",
        "@abp/jquery-validation-unobtrusive": "~8.3.0",
        "@abp/lodash": "~8.3.0",
        "@abp/luxon": "~8.3.0",
        "@abp/malihu-custom-scrollbar-plugin": "~8.3.0",
        "@abp/moment": "~8.3.0",
        "@abp/select2": "~8.3.0",
        "@abp/sweetalert2": "~8.3.0",
        "@abp/timeago": "~8.3.0",
        "@abp/toastr": "~8.3.0"
      }
    },
    "node_modules/@abp/bootstrap": {
      "version": "8.3.0",
      "resolved": "https://registry.npmmirror.com/@abp/bootstrap/-/bootstrap-8.3.0.tgz",
      "integrity": "sha512-5AmdTtakmWhZmHrb7ibvvf+KwF9OGadpAe7Kv9mNEE02K2qkp7Xw4r5o/bgVl7YfLC1FA6GZZXrV2s2t0gjHtg==",
      "dependencies": {
        "@abp/core": "~8.3.0",
        "bootstrap": "^5.3.3"
      }
    },
    "node_modules/@abp/bootstrap-datepicker": {
      "version": "8.3.0",
      "resolved": "https://registry.npmmirror.com/@abp/bootstrap-datepicker/-/bootstrap-datepicker-8.3.0.tgz",
      "integrity": "sha512-KCwMtm7x+cnKPeNMzhjDJUce0stwu4e57ibmvA6sMf1tmj+yB256O4E2hIDDohiT3vP/zV8HVHX6uATlcmGC9w==",
      "dependencies": {
        "bootstrap-datepicker": "^1.10.0"
      }
    },
    "node_modules/@abp/bootstrap-daterangepicker": {
      "version": "8.3.0",
      "resolved": "https://registry.npmmirror.com/@abp/bootstrap-daterangepicker/-/bootstrap-daterangepicker-8.3.0.tgz",
      "integrity": "sha512-uQSfuCQogl4BujdqvtdAoSE+z32ci8FT5+i3gLfpqbgTaxvY/Kv5NxAUH5/1sjnuAE7SMWO+eVvI3V0pXgQohg==",
      "dependencies": {
        "bootstrap-daterangepicker": "^3.1.0"
      }
    },
    "node_modules/@abp/core": {
      "version": "8.3.0",
      "resolved": "https://registry.npmmirror.com/@abp/core/-/core-8.3.0.tgz",
      "integrity": "sha512-zrxnZi4qij/Y4AZWaXuPqs3Dd7gBtU/onX7FkYxLgQDxYBfx+84QAnPRNRFKMWaD/wKbTUB0wA66U3t2aiQX9Q==",
      "dependencies": {
        "@abp/utils": "~8.3.0"
      }
    },
    "node_modules/@abp/datatables.net": {
      "version": "8.3.0",
      "resolved": "https://registry.npmmirror.com/@abp/datatables.net/-/datatables.net-8.3.0.tgz",
      "integrity": "sha512-4dIdv7eN1tVouOUrlF+MIdg8zQpecyH61waqLgy1q5jMZQivrTSFZ7UWMG3WVOAYjw5zSUZHZPbzA+ttnaOPkg==",
      "dependencies": {
        "@abp/jquery": "~8.3.0",
        "datatables.net": "^2.0.8"
      }
    },
    "node_modules/@abp/datatables.net-bs5": {
      "version": "8.3.0",
      "resolved": "https://registry.npmmirror.com/@abp/datatables.net-bs5/-/datatables.net-bs5-8.3.0.tgz",
      "integrity": "sha512-GOGYSSHp3iPUDFRX2Y3C0wkiCOJDuYuK/zUSzQLNpOvBMZO+I/oWBcZM+qkVowIzsoRlAGV9+CVV2B/B05qidA==",
      "dependencies": {
        "@abp/datatables.net": "~8.3.0",
        "datatables.net-bs5": "^2.0.8"
      }
    },
    "node_modules/@abp/font-awesome": {
      "version": "8.3.0",
      "resolved": "https://registry.npmmirror.com/@abp/font-awesome/-/font-awesome-8.3.0.tgz",
      "integrity": "sha512-NRxvM/dzvQC2Cj/F5i07XB/i6IVTmXcO9sOq6TWosWib0wGaPxRbCSjy8QUAYSD1QYaVQ30XMb3XXImaMGyd8A==",
      "dependencies": {
        "@abp/core": "~8.3.0",
        "@fortawesome/fontawesome-free": "^6.5.2"
      }
    },
    "node_modules/@abp/jquery": {
      "version": "8.3.0",
      "resolved": "https://registry.npmmirror.com/@abp/jquery/-/jquery-8.3.0.tgz",
      "integrity": "sha512-GsFY+n3EtS6B0pAoKd+xMnt5Dzi5bHvIbhLgDgfQfOBzAy3twGRWsPQ3nkuXXm8TppwujMNowU1oiLKPPm0AOA==",
      "dependencies": {
        "@abp/core": "~8.3.0",
        "jquery": "~3.7.1"
      }
    },
    "node_modules/@abp/jquery-form": {
      "version": "8.3.0",
      "resolved": "https://registry.npmmirror.com/@abp/jquery-form/-/jquery-form-8.3.0.tgz",
      "integrity": "sha512-olP9FmpNVTbOIewsVua0moHVYXw4Sl3chFbvTDLG6vRBohLSjllUXfgY3UEIVWR1PCqnAg+iEJZl9NHB9iOLBg==",
      "dependencies": {
        "@abp/jquery": "~8.3.0",
        "jquery-form": "^4.3.0"
      }
    },
    "node_modules/@abp/jquery-validation": {
      "version": "8.3.0",
      "resolved": "https://registry.npmmirror.com/@abp/jquery-validation/-/jquery-validation-8.3.0.tgz",
      "integrity": "sha512-6l5BZSa3N0Fou6Se7MfUSnI2dD4SYhZ2V988bgPJQ6p37XBOZ2OAj7LEIf5FSjtUzXjao/6/vqjkPNYreNikig==",
      "dependencies": {
        "@abp/jquery": "~8.3.0",
        "jquery-validation": "^1.20.1"
      }
    },
    "node_modules/@abp/jquery-validation-unobtrusive": {
      "version": "8.3.0",
      "resolved": "https://registry.npmmirror.com/@abp/jquery-validation-unobtrusive/-/jquery-validation-unobtrusive-8.3.0.tgz",
      "integrity": "sha512-9hidjq8x8sTnP5O3K2b2x9NpxvPd9WB03ENR6OfvM89kfSmQapSvBZTlCu80YK9NaQJ6MLQRLYOCuc3GHcj3EQ==",
      "dependencies": {
        "@abp/jquery-validation": "~8.3.0",
        "jquery-validation-unobtrusive": "^4.0.0"
      }
    },
    "node_modules/@abp/lodash": {
      "version": "8.3.0",
      "resolved": "https://registry.npmmirror.com/@abp/lodash/-/lodash-8.3.0.tgz",
      "integrity": "sha512-BiAsONbKR/RKG3WjRaMWVmhNe1ELEsykVq+ogG1Rhk3kwPbvze3TS8k2p0Lu/RC41/BmDUmJ5abg1pUMwkRT8w==",
      "dependencies": {
        "@abp/core": "~8.3.0",
        "lodash": "^4.17.21"
      }
    },
    "node_modules/@abp/luxon": {
      "version": "8.3.0",
      "resolved": "https://registry.npmmirror.com/@abp/luxon/-/luxon-8.3.0.tgz",
      "integrity": "sha512-8gdI5BtXkVp0sFg89QVDe8AvgQ7Qfq4JCqz2PMrKPSATR3H8GD6BCaEYpRp6CNTCjVrQjGZdzKgUyea1D3dHbw==",
      "dependencies": {
        "@abp/core": "~8.3.0",
        "luxon": "^3.4.4"
      }
    },
    "node_modules/@abp/malihu-custom-scrollbar-plugin": {
      "version": "8.3.0",
      "resolved": "https://registry.npmmirror.com/@abp/malihu-custom-scrollbar-plugin/-/malihu-custom-scrollbar-plugin-8.3.0.tgz",
      "integrity": "sha512-nd/mb6LJa6fMxal8PGcIjIRIoZ/UHCd01WDC9YI2H4wGCGx0CA0JyHso5oc/OEzJhUL8ujO/vYm9uLb7YahPtA==",
      "dependencies": {
        "@abp/core": "~8.3.0",
        "malihu-custom-scrollbar-plugin": "^3.1.5"
      }
    },
    "node_modules/@abp/moment": {
      "version": "8.3.0",
      "resolved": "https://registry.npmmirror.com/@abp/moment/-/moment-8.3.0.tgz",
      "integrity": "sha512-LywSsKuQ2GN/Btmle6CcTKa811zbvUWdC+RLQA792K9HyBs6LvN0qRRluEQZgplairRgh2pDOg8tdFlUERkv2w==",
      "dependencies": {
        "moment": "^2.30.1"
      }
    },
    "node_modules/@abp/select2": {
      "version": "8.3.0",
      "resolved": "https://registry.npmmirror.com/@abp/select2/-/select2-8.3.0.tgz",
      "integrity": "sha512-bdLt2+ImxxpiZl4HGbYJpdDROQUT7/Z/+8A+6oJNacq3lNekdvufLYgTMxKru6zTbnd9j3HFKMOTE1eRjb9Xqg==",
      "dependencies": {
        "@abp/core": "~8.3.0",
        "select2": "^4.0.13"
      }
    },
    "node_modules/@abp/sweetalert2": {
      "version": "8.3.0",
      "resolved": "https://registry.npmmirror.com/@abp/sweetalert2/-/sweetalert2-8.3.0.tgz",
      "integrity": "sha512-ooqPM4Z2v2scnMo5l8ycTmp6t/sW4sCsvIkJ4TyM876WLQJaZxJdOao4RQWuU+dVFr9zg8cOwqLH4q7UEiO6ww==",
      "dependencies": {
        "@abp/core": "~8.3.0",
        "sweetalert2": "^11.3.6"
      }
    },
    "node_modules/@abp/timeago": {
      "version": "8.3.0",
      "resolved": "https://registry.npmmirror.com/@abp/timeago/-/timeago-8.3.0.tgz",
      "integrity": "sha512-Dd6xaUoF9Bp4F9WJnTsFBqY+Gt++UR7UmLvBZL/dvthkeNCu2I8MUsmshkUUjY0lIXpjZwefUOuyupQrgHXPMg==",
      "dependencies": {
        "@abp/jquery": "~8.3.0",
        "timeago": "^1.6.7"
      }
    },
    "node_modules/@abp/toastr": {
      "version": "8.3.0",
      "resolved": "https://registry.npmmirror.com/@abp/toastr/-/toastr-8.3.0.tgz",
      "integrity": "sha512-aWK/RaX/FmcEKhJLjsw1A0K2c04m2fRJkmo9NwzBCSscy6Msw9IMkqNWLiFDThMU8/qKzq7wq3Vmk/C0IpeAwA==",
      "dependencies": {
        "@abp/jquery": "~8.3.0",
        "toastr": "^2.1.4"
      }
    },
    "node_modules/@abp/utils": {
      "version": "8.3.0",
      "resolved": "https://registry.npmmirror.com/@abp/utils/-/utils-8.3.0.tgz",
      "integrity": "sha512-w/XAqza4Z8wBWRoj5uPNKbd1/bE9L/uUWk6EUSBKmljMRryWQBmaPkb1XgvrOMQIbyyF60tUvvipapQLPVh6hw==",
      "dependencies": {
        "just-compare": "^2.3.0"
      }
    },
    "node_modules/@fortawesome/fontawesome-free": {
      "version": "6.6.0",
      "resolved": "https://registry.npmmirror.com/@fortawesome/fontawesome-free/-/fontawesome-free-6.6.0.tgz",
      "integrity": "sha512-60G28ke/sXdtS9KZCpZSHHkCbdsOGEhIUGlwq6yhY74UpTiToIh8np7A8yphhM4BWsvNFtIvLpi4co+h9Mr9Ow==",
      "engines": {
        "node": ">=6"
      }
    },
    "node_modules/@popperjs/core": {
      "version": "2.11.8",
      "resolved": "https://registry.npmmirror.com/@popperjs/core/-/core-2.11.8.tgz",
      "integrity": "sha512-P1st0aksCrn9sGZhp8GMYwBnQsbvAWsZAX44oXNNvLHGqAOcoVxmjZiohstwQ7SqKnbR47akdNi+uleWD8+g6A==",
      "peer": true,
      "funding": {
        "type": "opencollective",
        "url": "https://opencollective.com/popperjs"
      }
    },
    "node_modules/ansi-colors": {
      "version": "4.1.3",
      "resolved": "https://registry.npmmirror.com/ansi-colors/-/ansi-colors-4.1.3.tgz",
      "integrity": "sha512-/6w/C21Pm1A7aZitlI5Ni/2J6FFQN8i1Cvz3kHABAAbw93v/NlvKdVOqz7CCWz/3iv/JplRSEEZ83XION15ovw==",
      "engines": {
        "node": ">=6"
      }
    },
    "node_modules/bootstrap": {
      "version": "5.3.3",
      "resolved": "https://registry.npmmirror.com/bootstrap/-/bootstrap-5.3.3.tgz",
      "integrity": "sha512-8HLCdWgyoMguSO9o+aH+iuZ+aht+mzW0u3HIMzVu7Srrpv7EBBxTnrFlSCskwdY1+EOFQSm7uMJhNQHkdPcmjg==",
      "funding": [
        {
          "type": "github",
          "url": "https://github.com/sponsors/twbs"
        },
        {
          "type": "opencollective",
          "url": "https://opencollective.com/bootstrap"
        }
      ],
      "peerDependencies": {
        "@popperjs/core": "^2.11.8"
      }
    },
    "node_modules/bootstrap-datepicker": {
      "version": "1.10.0",
      "resolved": "https://registry.npmmirror.com/bootstrap-datepicker/-/bootstrap-datepicker-1.10.0.tgz",
      "integrity": "sha512-lWxtSYddAQOpbAO8UhYhHLcK6425eWoSjb5JDvZU3ePHEPF6A3eUr51WKaFy4PccU19JRxUG6wEU3KdhtKfvpg==",
      "dependencies": {
        "jquery": ">=3.4.0 <4.0.0"
      }
    },
    "node_modules/bootstrap-daterangepicker": {
      "version": "3.1.0",
      "resolved": "https://registry.npmmirror.com/bootstrap-daterangepicker/-/bootstrap-daterangepicker-3.1.0.tgz",
      "integrity": "sha512-oaQZx6ZBDo/dZNyXGVi2rx5GmFXThyQLAxdtIqjtLlYVaQUfQALl5JZMJJZzyDIX7blfy4ppZPAJ10g8Ma4d/g==",
      "dependencies": {
        "jquery": ">=1.10",
        "moment": "^2.9.0"
      }
    },
    "node_modules/datatables.net": {
      "version": "2.1.5",
      "resolved": "https://registry.npmmirror.com/datatables.net/-/datatables.net-2.1.5.tgz",
      "integrity": "sha512-DgbQaVmT4GuQJ2DzGRt3lNAep++iuM8/Xbr3QIrWQwE7JnZPMSOaAtKFCqkE8HnDIr18jByY6tMy0Sb6atbGqw==",
      "dependencies": {
        "jquery": ">=1.7"
      }
    },
    "node_modules/datatables.net-bs5": {
      "version": "2.1.5",
      "resolved": "https://registry.npmmirror.com/datatables.net-bs5/-/datatables.net-bs5-2.1.5.tgz",
      "integrity": "sha512-G1REMucYIKlDMwix8fQhwUk0TXA7hN3/Ehc9T88E/TEM2dcyWOspd7HL+50S3Aln5YPE5jDsXQDF0TwyzqKR1w==",
      "dependencies": {
        "datatables.net": "2.1.5",
        "jquery": ">=1.7"
      }
    },
    "node_modules/jquery": {
      "version": "3.7.1",
      "resolved": "https://registry.npmmirror.com/jquery/-/jquery-3.7.1.tgz",
      "integrity": "sha512-m4avr8yL8kmFN8psrbFFFmB/If14iN5o9nw/NgnnM+kybDJpRsAynV2BsfpTYrTRysYUdADVD7CkUUizgkpLfg=="
    },
    "node_modules/jquery-form": {
      "version": "4.3.0",
      "resolved": "https://registry.npmmirror.com/jquery-form/-/jquery-form-4.3.0.tgz",
      "integrity": "sha512-q3uaVCEWdLOYUCI6dpNdwf/7cJFOsUgdpq6r0taxtGQ5NJSkOzofyWm4jpOuJ5YxdmL1FI5QR+q+HB63HHLGnQ==",
      "dependencies": {
        "jquery": ">=1.7.2"
      }
    },
    "node_modules/jquery-mousewheel": {
      "version": "3.1.13",
      "resolved": "https://registry.npmmirror.com/jquery-mousewheel/-/jquery-mousewheel-3.1.13.tgz",
      "integrity": "sha512-GXhSjfOPyDemM005YCEHvzrEALhKDIswtxSHSR2e4K/suHVJKJxxRCGz3skPjNxjJjQa9AVSGGlYjv1M3VLIPg=="
    },
    "node_modules/jquery-validation": {
      "version": "1.21.0",
      "resolved": "https://registry.npmmirror.com/jquery-validation/-/jquery-validation-1.21.0.tgz",
      "integrity": "sha512-xNot0rlUIgu7duMcQ5qb6MGkGL/Z1PQaRJQoZAURW9+a/2PGOUxY36o/WyNeP2T9R6jvWB8Z9lUVvvQWI/Zs5w==",
      "peerDependencies": {
        "jquery": "^1.7 || ^2.0 || ^3.1"
      }
    },
    "node_modules/jquery-validation-unobtrusive": {
      "version": "4.0.0",
      "resolved": "https://registry.npmmirror.com/jquery-validation-unobtrusive/-/jquery-validation-unobtrusive-4.0.0.tgz",
      "integrity": "sha512-1ervYFFv6LX/rp7ktuLnMakHNG0piNRDyROI8Ir3hL1vPIwylAehB1AY3BPrYJnzW3WmwWryZq+Bz4sazZK9iQ==",
      "dependencies": {
        "jquery": "^3.6.0",
        "jquery-validation": ">=1.19"
      }
    },
    "node_modules/just-compare": {
      "version": "2.3.0",
      "resolved": "https://registry.npmmirror.com/just-compare/-/just-compare-2.3.0.tgz",
      "integrity": "sha512-6shoR7HDT+fzfL3gBahx1jZG3hWLrhPAf+l7nCwahDdT9XDtosB9kIF0ZrzUp5QY8dJWfQVr5rnsPqsbvflDzg=="
    },
    "node_modules/lodash": {
      "version": "4.17.21",
      "resolved": "https://registry.npmmirror.com/lodash/-/lodash-4.17.21.tgz",
      "integrity": "sha512-v2kDEe57lecTulaDIuNTPy3Ry4gLGJ6Z1O3vE1krgXZNrsQ+LFTGHVxVjcXPs17LhbZVGedAJv8XZ1tvj5FvSg=="
    },
    "node_modules/luxon": {
      "version": "3.5.0",
      "resolved": "https://registry.npmmirror.com/luxon/-/luxon-3.5.0.tgz",
      "integrity": "sha512-rh+Zjr6DNfUYR3bPwJEnuwDdqMbxZW7LOQfUN4B54+Cl+0o5zaU9RJ6bcidfDtC1cWCZXQ+nvX8bf6bAji37QQ==",
      "engines": {
        "node": ">=12"
      }
    },
    "node_modules/malihu-custom-scrollbar-plugin": {
      "version": "3.1.5",
      "resolved": "https://registry.npmmirror.com/malihu-custom-scrollbar-plugin/-/malihu-custom-scrollbar-plugin-3.1.5.tgz",
      "integrity": "sha512-lwW3LgI+CNDMPnP4ED2la6oYxWMkCXlnhex+s2wuOLhFDFGnGmQuTQVdRK9bvDLpxs10sGlfErVufJy9ztfgJQ==",
      "dependencies": {
        "jquery-mousewheel": ">=3.0.6"
      }
    },
    "node_modules/moment": {
      "version": "2.30.1",
      "resolved": "https://registry.npmmirror.com/moment/-/moment-2.30.1.tgz",
      "integrity": "sha512-uEmtNhbDOrWPFS+hdjFCBfy9f2YoyzRpwcl+DqpC6taX21FzsTLQVbMV/W7PzNSX6x/bhC1zA3c2UQ5NzH6how==",
      "engines": {
        "node": "*"
      }
    },
    "node_modules/select2": {
      "version": "4.0.13",
      "resolved": "https://registry.npmmirror.com/select2/-/select2-4.0.13.tgz",
      "integrity": "sha512-1JeB87s6oN/TDxQQYCvS5EFoQyvV6eYMZZ0AeA4tdFDYWN3BAGZ8npr17UBFddU0lgAt3H0yjX3X6/ekOj1yjw=="
    },
    "node_modules/sweetalert2": {
      "version": "11.13.2",
      "resolved": "https://registry.npmmirror.com/sweetalert2/-/sweetalert2-11.13.2.tgz",
      "integrity": "sha512-Q361QVJrDce3pA+46m2JmfDQyxxlmVE6t7ScoMwubm2PQKTlUqaMpzWq/DZRSPL8Sg2hUCzUAXQ9dwMPnbsy7Q==",
      "funding": {
        "type": "individual",
        "url": "https://github.com/sponsors/limonte"
      }
    },
    "node_modules/timeago": {
      "version": "1.6.7",
      "resolved": "https://registry.npmmirror.com/timeago/-/timeago-1.6.7.tgz",
      "integrity": "sha512-FikcjN98+ij0siKH4VO4dZ358PR3oDDq4Vdl1+sN9gWz1/+JXGr3uZbUShYH/hL7bMhcTpPbplJU5Tej4b4jbQ==",
      "dependencies": {
        "jquery": ">=1.5.0 <4.0"
      }
    },
    "node_modules/toastr": {
      "version": "2.1.4",
      "resolved": "https://registry.npmmirror.com/toastr/-/toastr-2.1.4.tgz",
      "integrity": "sha512-LIy77F5n+sz4tefMmFOntcJ6HL0Fv3k1TDnNmFZ0bU/GcvIIfy6eG2v7zQmMiYgaalAiUv75ttFrPn5s0gyqlA==",
      "dependencies": {
        "jquery": ">=1.12.0"
      }
    }
  }
}
