{
  "name": "my-app-authserver",
  "version": "1.0.0",
  "lockfileVersion": 3,
  "requires": true,
  "packages": {
    "": {
      "name": "my-app-authserver",
      "version": "1.0.0",
      "dependencies": {
        "@abp/aspnetcore.mvc.ui.theme.basic": "~9.0.0"
      }
    },
    "node_modules/@abp/aspnetcore.mvc.ui": {
      "version": "9.0.0",
      "resolved": "https://registry.npmmirror.com/@abp/aspnetcore.mvc.ui/-/aspnetcore.mvc.ui-9.0.0.tgz",
      "integrity": "sha512-pvO5bh9baFcSbfW0s7tpMpbe6DKSC16jeyeluZLlvYxC0n2gkrv7H/hB5aMuBKIlh89aGY9DQIcMFC8iczL3Bg==",
      "dependencies": {
        "ansi-colors": "^4.1.3"
      }
    },
    "node_modules/@abp/aspnetcore.mvc.ui.theme.basic": {
      "version": "9.0.0",
      "resolved": "https://registry.npmmirror.com/@abp/aspnetcore.mvc.ui.theme.basic/-/aspnetcore.mvc.ui.theme.basic-9.0.0.tgz",
      "integrity": "sha512-GHEt26xESe/TCg1q6ZjeUbxniqdxaiB1OPTZ9md7ONql6bEp8t9iUPeSlkyAZtQ7qBzwgkiLpkRFT+J21DftaQ==",
      "dependencies": {
        "@abp/aspnetcore.mvc.ui.theme.shared": "~9.0.0"
      }
    },
    "node_modules/@abp/aspnetcore.mvc.ui.theme.shared": {
      "version": "9.0.0",
      "resolved": "https://registry.npmmirror.com/@abp/aspnetcore.mvc.ui.theme.shared/-/aspnetcore.mvc.ui.theme.shared-9.0.0.tgz",
      "integrity": "sha512-QmZrSp+rfqfnC9W4QZ+nNdAq0rOALzRn1rsDpGDHhIHwyXB03QPdjzIWaEvldUYHzqg84cEP0LcqW4y57Xr1iw==",
      "dependencies": {
        "@abp/aspnetcore.mvc.ui": "~9.0.0",
        "@abp/bootstrap": "~9.0.0",
        "@abp/bootstrap-datepicker": "~9.0.0",
        "@abp/bootstrap-daterangepicker": "~9.0.0",
        "@abp/datatables.net-bs5": "~9.0.0",
        "@abp/font-awesome": "~9.0.0",
        "@abp/jquery-form": "~9.0.0",
        "@abp/jquery-validation-unobtrusive": "~9.0.0",
        "@abp/lodash": "~9.0.0",
        "@abp/luxon": "~9.0.0",
        "@abp/malihu-custom-scrollbar-plugin": "~9.0.0",
        "@abp/moment": "~9.0.0",
        "@abp/select2": "~9.0.0",
        "@abp/sweetalert2": "~9.0.0",
        "@abp/timeago": "~9.0.0",
        "@abp/toastr": "~9.0.0"
      }
    },
    "node_modules/@abp/bootstrap": {
      "version": "9.0.0",
      "resolved": "https://registry.npmmirror.com/@abp/bootstrap/-/bootstrap-9.0.0.tgz",
      "integrity": "sha512-jEr6su8BfoNxYvze/UlddE3DlezyPvQeiNhff8SDPqtRQ6XvjZ48O/JwtY01hK2njEDLOZINY5zJRGmO2OiOUw==",
      "dependencies": {
        "@abp/core": "~9.0.0",
        "bootstrap": "^5.3.3"
      }
    },
    "node_modules/@abp/bootstrap-datepicker": {
      "version": "9.0.0",
      "resolved": "https://registry.npmmirror.com/@abp/bootstrap-datepicker/-/bootstrap-datepicker-9.0.0.tgz",
      "integrity": "sha512-wxAeVsOVOJpidDn0g3FlJvpOsn5SVY5IpEG+FtUxSAKuWYJQWF6g5CaghrfS+FNDK9IHhxrgSMPMVBK9YlDSzw==",
      "dependencies": {
        "bootstrap-datepicker": "^1.10.0"
      }
    },
    "node_modules/@abp/bootstrap-daterangepicker": {
      "version": "9.0.0",
      "resolved": "https://registry.npmmirror.com/@abp/bootstrap-daterangepicker/-/bootstrap-daterangepicker-9.0.0.tgz",
      "integrity": "sha512-qS6SQR6X7wMCVLcuXatJ2+m1GNlpN71p7VDritxfwAMHa7WBRAAi8apX2WItwBAuLQ2s1uSA0Wp1KstHG3VPLA==",
      "dependencies": {
        "bootstrap-daterangepicker": "^3.1.0"
      }
    },
    "node_modules/@abp/core": {
      "version": "9.0.0",
      "resolved": "https://registry.npmmirror.com/@abp/core/-/core-9.0.0.tgz",
      "integrity": "sha512-vzQyTpqVDx63pOI9e2QLUMWZCrSojHsRnzLlvl+/cKFi7jE1q/uSP66FPR2bwkD+DNLI/tn6is1Jx3skKA1FvA==",
      "dependencies": {
        "@abp/utils": "~9.0.0"
      }
    },
    "node_modules/@abp/datatables.net": {
      "version": "9.0.0",
      "resolved": "https://registry.npmmirror.com/@abp/datatables.net/-/datatables.net-9.0.0.tgz",
      "integrity": "sha512-QhuX3bGZOckM/fhIIGj/StMJIX2BBtNbLzjTR7WnKMMxDkv0+oDvjw6OqqpYKSvj/q3vY6sRWuCNdEzNi0Fk6A==",
      "dependencies": {
        "@abp/jquery": "~9.0.0",
        "datatables.net": "^2.1.8"
      }
    },
    "node_modules/@abp/datatables.net-bs5": {
      "version": "9.0.0",
      "resolved": "https://registry.npmmirror.com/@abp/datatables.net-bs5/-/datatables.net-bs5-9.0.0.tgz",
      "integrity": "sha512-ln10tcRwxcB0nuSgqJ/66strHsqMHDC03c0ktxEplAN34yP7KInjFf/U9Svo74K0nKlkJdMCgmqmT4CnBJZlIg==",
      "dependencies": {
        "@abp/datatables.net": "~9.0.0",
        "datatables.net-bs5": "^2.1.8"
      }
    },
    "node_modules/@abp/font-awesome": {
      "version": "9.0.0",
      "resolved": "https://registry.npmmirror.com/@abp/font-awesome/-/font-awesome-9.0.0.tgz",
      "integrity": "sha512-bEHRVzOk0V2kFMAvB/YXFYaDKWRFO0+ScO7jrEFtFgdHXBcqy+dk1aM/N69WalyNmjRRpnh03GhH1LRpwL4/xA==",
      "dependencies": {
        "@abp/core": "~9.0.0",
        "@fortawesome/fontawesome-free": "^6.6.0"
      }
    },
    "node_modules/@abp/jquery": {
      "version": "9.0.0",
      "resolved": "https://registry.npmmirror.com/@abp/jquery/-/jquery-9.0.0.tgz",
      "integrity": "sha512-cUXA7v6F1HqAc/w8fQGxHIfA/6BqO+4uHXDnSsJZtrI26DTLOgw5kBNnAz2W4xggGPCY7SKFHNRZuOW/QfVRPg==",
      "dependencies": {
        "@abp/core": "~9.0.0",
        "jquery": "~3.7.1"
      }
    },
    "node_modules/@abp/jquery-form": {
      "version": "9.0.0",
      "resolved": "https://registry.npmmirror.com/@abp/jquery-form/-/jquery-form-9.0.0.tgz",
      "integrity": "sha512-6qpfPGHrjADmm7Ne3zcXBGPuLngG8ldAn5fk9k2taftpyX0iR67/nZxiQ0ujaQGgaai5Wb3imNXMG96XLnubkQ==",
      "dependencies": {
        "@abp/jquery": "~9.0.0",
        "jquery-form": "^4.3.0"
      }
    },
    "node_modules/@abp/jquery-validation": {
      "version": "9.0.0",
      "resolved": "https://registry.npmmirror.com/@abp/jquery-validation/-/jquery-validation-9.0.0.tgz",
      "integrity": "sha512-XgCUBFWbhTDcGepD/xkwA/1Hl4TyYitRttauDJk3tuyXhNtykvdugCCOPY4j2s6VoT1Sb/TFFvOcgEvlBwkKiw==",
      "dependencies": {
        "@abp/jquery": "~9.0.0",
        "jquery-validation": "^1.21.0"
      }
    },
    "node_modules/@abp/jquery-validation-unobtrusive": {
      "version": "9.0.0",
      "resolved": "https://registry.npmmirror.com/@abp/jquery-validation-unobtrusive/-/jquery-validation-unobtrusive-9.0.0.tgz",
      "integrity": "sha512-KlRQ1htyFmAIMS9xbHvHIcdhAgtPFe/u7c87MiWlk/CdhDrI3J+n5biLvQUzxCC+YWlwx27zBtPKx2vLeMRH6Q==",
      "dependencies": {
        "@abp/jquery-validation": "~9.0.0",
        "jquery-validation-unobtrusive": "^4.0.0"
      }
    },
    "node_modules/@abp/lodash": {
      "version": "9.0.0",
      "resolved": "https://registry.npmmirror.com/@abp/lodash/-/lodash-9.0.0.tgz",
      "integrity": "sha512-xoAsOkkgnQdPH2OyFTgF6OlCLVbyGF4u8CrFcZWCZmuIFT9cg0+ZEiq//Vog1pg3Lf//N37ceGpOag1LwMe6cQ==",
      "dependencies": {
        "@abp/core": "~9.0.0",
        "lodash": "^4.17.21"
      }
    },
    "node_modules/@abp/luxon": {
      "version": "9.0.0",
      "resolved": "https://registry.npmmirror.com/@abp/luxon/-/luxon-9.0.0.tgz",
      "integrity": "sha512-aPejQnoVPfm60LnjwhfUkIsB+poNWusrBE0IHllxhvOVE+01nfa1Lvpp5AUWzV+XchPGOCSf+a29ds4EQWfNbg==",
      "dependencies": {
        "@abp/core": "~9.0.0",
        "luxon": "^3.5.0"
      }
    },
    "node_modules/@abp/malihu-custom-scrollbar-plugin": {
      "version": "9.0.0",
      "resolved": "https://registry.npmmirror.com/@abp/malihu-custom-scrollbar-plugin/-/malihu-custom-scrollbar-plugin-9.0.0.tgz",
      "integrity": "sha512-iSZ9lKMnv5F2SplR+A4blhFEDq79lKbvBQuS7h/Di3KEHFOdJY4pA8NP8OR+PXOF3JfAezGyjqy7ydn/JNPRwA==",
      "dependencies": {
        "@abp/core": "~9.0.0",
        "malihu-custom-scrollbar-plugin": "^3.1.5"
      }
    },
    "node_modules/@abp/moment": {
      "version": "9.0.0",
      "resolved": "https://registry.npmmirror.com/@abp/moment/-/moment-9.0.0.tgz",
      "integrity": "sha512-wgyJSKmBmHLXZJN3dy3zK4i2JvWGgqnvdtrKURy/raEurxlymv8JF5JA971kTv6Kz2OA/OSYttpVJkDGUpPAhA==",
      "dependencies": {
        "moment": "^2.30.1"
      }
    },
    "node_modules/@abp/select2": {
      "version": "9.0.0",
      "resolved": "https://registry.npmmirror.com/@abp/select2/-/select2-9.0.0.tgz",
      "integrity": "sha512-l+Hz2Qmc7AcyaTJOyuDaV99RbBWYxYxbeyVEc4xKbRFbJxYBUxT/DFlyozEaoz+OU1fl4szO3UCthJ2yZvxCdg==",
      "dependencies": {
        "@abp/core": "~9.0.0",
        "select2": "^4.0.13"
      }
    },
    "node_modules/@abp/sweetalert2": {
      "version": "9.0.0",
      "resolved": "https://registry.npmmirror.com/@abp/sweetalert2/-/sweetalert2-9.0.0.tgz",
      "integrity": "sha512-wxDqoA6RUhkbcN27Kzslu/m2ai5T9AkJRtgs7pV55LvPv1ohuCPEUeTVVh8S/5Pgmr7aPFAPxaaCO32aPcImPw==",
      "dependencies": {
        "@abp/core": "~9.0.0",
        "sweetalert2": "^11.14.1"
      }
    },
    "node_modules/@abp/timeago": {
      "version": "9.0.0",
      "resolved": "https://registry.npmmirror.com/@abp/timeago/-/timeago-9.0.0.tgz",
      "integrity": "sha512-eaNdIUEtDXnuYqS5O7EGRV+j6XOLAsxz7gd5BIKR9lDujd8pEjSJkXKO+/0KxLTkUSy3JudIO37K1h2wTpbYZA==",
      "dependencies": {
        "@abp/jquery": "~9.0.0",
        "timeago": "^1.6.7"
      }
    },
    "node_modules/@abp/toastr": {
      "version": "9.0.0",
      "resolved": "https://registry.npmmirror.com/@abp/toastr/-/toastr-9.0.0.tgz",
      "integrity": "sha512-n9uJvw8l2HoxeowPO4diEMxwchGh6puefhyRljFAAstzK77Mhn0u2J7kPynNv94rLSYTYoCxUeJ4TTN+/TVDGQ==",
      "dependencies": {
        "@abp/jquery": "~9.0.0",
        "toastr": "^2.1.4"
      }
    },
    "node_modules/@abp/utils": {
      "version": "9.0.0",
      "resolved": "https://registry.npmmirror.com/@abp/utils/-/utils-9.0.0.tgz",
      "integrity": "sha512-/SB4VYk3Av+ltXv6ovkFHG4iWiECLLitaYWcEHxVAO80ufNjrNnWpHFpXHP8u/RpXIp/CoNiHLr6j5TkZUTZjw==",
      "dependencies": {
        "just-compare": "^2.3.0"
      }
    },
    "node_modules/@fortawesome/fontawesome-free": {
      "version": "6.7.1",
      "resolved": "https://registry.npmmirror.com/@fortawesome/fontawesome-free/-/fontawesome-free-6.7.1.tgz",
      "integrity": "sha512-ALIk/MOh5gYe1TG/ieS5mVUsk7VUIJTJKPMK9rFFqOgfp0Q3d5QiBXbcOMwUvs37fyZVCz46YjOE6IFeOAXCHA==",
      "engines": {
        "node": ">=6"
      }
    },
    "node_modules/@popperjs/core": {
      "version": "2.11.8",
      "resolved": "https://registry.npmmirror.com/@popperjs/core/-/core-2.11.8.tgz",
      "integrity": "sha512-P1st0aksCrn9sGZhp8GMYwBnQsbvAWsZAX44oXNNvLHGqAOcoVxmjZiohstwQ7SqKnbR47akdNi+uleWD8+g6A==",
      "peer": true,
      "funding": {
        "type": "opencollective",
        "url": "https://opencollective.com/popperjs"
      }
    },
    "node_modules/ansi-colors": {
      "version": "4.1.3",
      "resolved": "https://registry.npmmirror.com/ansi-colors/-/ansi-colors-4.1.3.tgz",
      "integrity": "sha512-/6w/C21Pm1A7aZitlI5Ni/2J6FFQN8i1Cvz3kHABAAbw93v/NlvKdVOqz7CCWz/3iv/JplRSEEZ83XION15ovw==",
      "engines": {
        "node": ">=6"
      }
    },
    "node_modules/bootstrap": {
      "version": "5.3.3",
      "resolved": "https://registry.npmmirror.com/bootstrap/-/bootstrap-5.3.3.tgz",
      "integrity": "sha512-8HLCdWgyoMguSO9o+aH+iuZ+aht+mzW0u3HIMzVu7Srrpv7EBBxTnrFlSCskwdY1+EOFQSm7uMJhNQHkdPcmjg==",
      "funding": [
        {
          "type": "github",
          "url": "https://github.com/sponsors/twbs"
        },
        {
          "type": "opencollective",
          "url": "https://opencollective.com/bootstrap"
        }
      ],
      "peerDependencies": {
        "@popperjs/core": "^2.11.8"
      }
    },
    "node_modules/bootstrap-datepicker": {
      "version": "1.10.0",
      "resolved": "https://registry.npmmirror.com/bootstrap-datepicker/-/bootstrap-datepicker-1.10.0.tgz",
      "integrity": "sha512-lWxtSYddAQOpbAO8UhYhHLcK6425eWoSjb5JDvZU3ePHEPF6A3eUr51WKaFy4PccU19JRxUG6wEU3KdhtKfvpg==",
      "dependencies": {
        "jquery": ">=3.4.0 <4.0.0"
      }
    },
    "node_modules/bootstrap-daterangepicker": {
      "version": "3.1.0",
      "resolved": "https://registry.npmmirror.com/bootstrap-daterangepicker/-/bootstrap-daterangepicker-3.1.0.tgz",
      "integrity": "sha512-oaQZx6ZBDo/dZNyXGVi2rx5GmFXThyQLAxdtIqjtLlYVaQUfQALl5JZMJJZzyDIX7blfy4ppZPAJ10g8Ma4d/g==",
      "dependencies": {
        "jquery": ">=1.10",
        "moment": "^2.9.0"
      }
    },
    "node_modules/datatables.net": {
      "version": "2.1.8",
      "resolved": "https://registry.npmmirror.com/datatables.net/-/datatables.net-2.1.8.tgz",
      "integrity": "sha512-47ULt+U4bcjbuGTpTlT6SnCuSFVRBxxdWa6X3NfvTObBJ2BZU0o+JUIl05wQ6cABNIavjbAV51gpgvFsMHL9zA==",
      "dependencies": {
        "jquery": ">=1.7"
      }
    },
    "node_modules/datatables.net-bs5": {
      "version": "2.1.8",
      "resolved": "https://registry.npmmirror.com/datatables.net-bs5/-/datatables.net-bs5-2.1.8.tgz",
      "integrity": "sha512-YlGws8eI3iw/1AmKJH18+YMzm/UgGb6o9s14KAC24QT1/8anolm8GnVAgGcwUcvHm3hn1i8A5QXqgbqeMRINeg==",
      "dependencies": {
        "datatables.net": "2.1.8",
        "jquery": ">=1.7"
      }
    },
    "node_modules/jquery": {
      "version": "3.7.1",
      "resolved": "https://registry.npmmirror.com/jquery/-/jquery-3.7.1.tgz",
      "integrity": "sha512-m4avr8yL8kmFN8psrbFFFmB/If14iN5o9nw/NgnnM+kybDJpRsAynV2BsfpTYrTRysYUdADVD7CkUUizgkpLfg=="
    },
    "node_modules/jquery-form": {
      "version": "4.3.0",
      "resolved": "https://registry.npmmirror.com/jquery-form/-/jquery-form-4.3.0.tgz",
      "integrity": "sha512-q3uaVCEWdLOYUCI6dpNdwf/7cJFOsUgdpq6r0taxtGQ5NJSkOzofyWm4jpOuJ5YxdmL1FI5QR+q+HB63HHLGnQ==",
      "dependencies": {
        "jquery": ">=1.7.2"
      }
    },
    "node_modules/jquery-mousewheel": {
      "version": "3.1.13",
      "resolved": "https://registry.npmmirror.com/jquery-mousewheel/-/jquery-mousewheel-3.1.13.tgz",
      "integrity": "sha512-GXhSjfOPyDemM005YCEHvzrEALhKDIswtxSHSR2e4K/suHVJKJxxRCGz3skPjNxjJjQa9AVSGGlYjv1M3VLIPg=="
    },
    "node_modules/jquery-validation": {
      "version": "1.21.0",
      "resolved": "https://registry.npmmirror.com/jquery-validation/-/jquery-validation-1.21.0.tgz",
      "integrity": "sha512-xNot0rlUIgu7duMcQ5qb6MGkGL/Z1PQaRJQoZAURW9+a/2PGOUxY36o/WyNeP2T9R6jvWB8Z9lUVvvQWI/Zs5w==",
      "peerDependencies": {
        "jquery": "^1.7 || ^2.0 || ^3.1"
      }
    },
    "node_modules/jquery-validation-unobtrusive": {
      "version": "4.0.0",
      "resolved": "https://registry.npmmirror.com/jquery-validation-unobtrusive/-/jquery-validation-unobtrusive-4.0.0.tgz",
      "integrity": "sha512-1ervYFFv6LX/rp7ktuLnMakHNG0piNRDyROI8Ir3hL1vPIwylAehB1AY3BPrYJnzW3WmwWryZq+Bz4sazZK9iQ==",
      "dependencies": {
        "jquery": "^3.6.0",
        "jquery-validation": ">=1.19"
      }
    },
    "node_modules/just-compare": {
      "version": "2.3.0",
      "resolved": "https://registry.npmmirror.com/just-compare/-/just-compare-2.3.0.tgz",
      "integrity": "sha512-6shoR7HDT+fzfL3gBahx1jZG3hWLrhPAf+l7nCwahDdT9XDtosB9kIF0ZrzUp5QY8dJWfQVr5rnsPqsbvflDzg=="
    },
    "node_modules/lodash": {
      "version": "4.17.21",
      "resolved": "https://registry.npmmirror.com/lodash/-/lodash-4.17.21.tgz",
      "integrity": "sha512-v2kDEe57lecTulaDIuNTPy3Ry4gLGJ6Z1O3vE1krgXZNrsQ+LFTGHVxVjcXPs17LhbZVGedAJv8XZ1tvj5FvSg=="
    },
    "node_modules/luxon": {
      "version": "3.5.0",
      "resolved": "https://registry.npmmirror.com/luxon/-/luxon-3.5.0.tgz",
      "integrity": "sha512-rh+Zjr6DNfUYR3bPwJEnuwDdqMbxZW7LOQfUN4B54+Cl+0o5zaU9RJ6bcidfDtC1cWCZXQ+nvX8bf6bAji37QQ==",
      "engines": {
        "node": ">=12"
      }
    },
    "node_modules/malihu-custom-scrollbar-plugin": {
      "version": "3.1.5",
      "resolved": "https://registry.npmmirror.com/malihu-custom-scrollbar-plugin/-/malihu-custom-scrollbar-plugin-3.1.5.tgz",
      "integrity": "sha512-lwW3LgI+CNDMPnP4ED2la6oYxWMkCXlnhex+s2wuOLhFDFGnGmQuTQVdRK9bvDLpxs10sGlfErVufJy9ztfgJQ==",
      "dependencies": {
        "jquery-mousewheel": ">=3.0.6"
      }
    },
    "node_modules/moment": {
      "version": "2.30.1",
      "resolved": "https://registry.npmmirror.com/moment/-/moment-2.30.1.tgz",
      "integrity": "sha512-uEmtNhbDOrWPFS+hdjFCBfy9f2YoyzRpwcl+DqpC6taX21FzsTLQVbMV/W7PzNSX6x/bhC1zA3c2UQ5NzH6how==",
      "engines": {
        "node": "*"
      }
    },
    "node_modules/select2": {
      "version": "4.0.13",
      "resolved": "https://registry.npmmirror.com/select2/-/select2-4.0.13.tgz",
      "integrity": "sha512-1JeB87s6oN/TDxQQYCvS5EFoQyvV6eYMZZ0AeA4tdFDYWN3BAGZ8npr17UBFddU0lgAt3H0yjX3X6/ekOj1yjw=="
    },
    "node_modules/sweetalert2": {
      "version": "11.14.5",
      "resolved": "https://registry.npmmirror.com/sweetalert2/-/sweetalert2-11.14.5.tgz",
      "integrity": "sha512-8MWk5uc/r6bWhiJWkUXyEuApfXAhSCZT8FFX7pZXL7YwaPxq+9Ynhi2dUzWkOFn9jvLjKj22CXuccZ+IHcnjvQ==",
      "funding": {
        "type": "individual",
        "url": "https://github.com/sponsors/limonte"
      }
    },
    "node_modules/timeago": {
      "version": "1.6.7",
      "resolved": "https://registry.npmmirror.com/timeago/-/timeago-1.6.7.tgz",
      "integrity": "sha512-FikcjN98+ij0siKH4VO4dZ358PR3oDDq4Vdl1+sN9gWz1/+JXGr3uZbUShYH/hL7bMhcTpPbplJU5Tej4b4jbQ==",
      "dependencies": {
        "jquery": ">=1.5.0 <4.0"
      }
    },
    "node_modules/toastr": {
      "version": "2.1.4",
      "resolved": "https://registry.npmmirror.com/toastr/-/toastr-2.1.4.tgz",
      "integrity": "sha512-LIy77F5n+sz4tefMmFOntcJ6HL0Fv3k1TDnNmFZ0bU/GcvIIfy6eG2v7zQmMiYgaalAiUv75ttFrPn5s0gyqlA==",
      "dependencies": {
        "jquery": ">=1.12.0"
      }
    }
  }
}
